// !$*UTF8*$!
{
	archiveVersion = 1;
	classes = {
	};
	objectVersion = 55;
	objects = {

/* Begin PBXBuildFile section */
		BB0F0FDC283CF3C400B3AB12 /* AppViewModel.swift in Sources */ = {isa = PBXBuildFile; fileRef = BB0F0FDB283CF3C400B3AB12 /* AppViewModel.swift */; };
		BBA9C8B12837C6D700FC6973 /* TagFilterView.swift in Sources */ = {isa = PBXBuildFile; fileRef = BBA9C8B02837C6D700FC6973 /* TagFilterView.swift */; };
		BBA9C8B42838921F00FC6973 /* Localizable.strings in Resources */ = {isa = PBXBuildFile; fileRef = BBA9C8B62838921F00FC6973 /* Localizable.strings */; };
		BBFF6642282D12E100C68F6A /* free_apisApp.swift in Sources */ = {isa = PBXBuildFile; fileRef = BBFF6641282D12E100C68F6A /* free_apisApp.swift */; };
		BBFF6644282D12E100C68F6A /* FreeApisView.swift in Sources */ = {isa = PBXBuildFile; fileRef = BBFF6643282D12E100C68F6A /* FreeApisView.swift */; };
		BBFF6646282D12E400C68F6A /* Assets.xcassets in Resources */ = {isa = PBXBuildFile; fileRef = BBFF6645282D12E400C68F6A /* Assets.xcassets */; };
		BBFF6649282D12E400C68F6A /* Preview Assets.xcassets in Resources */ = {isa = PBXBuildFile; fileRef = BBFF6648282D12E400C68F6A /* Preview Assets.xcassets */; };
		BBFF6653282D12E400C68F6A /* free_apisTests.swift in Sources */ = {isa = PBXBuildFile; fileRef = BBFF6652282D12E400C68F6A /* free_apisTests.swift */; };
		BBFF665D282D12E400C68F6A /* free_apisUITests.swift in Sources */ = {isa = PBXBuildFile; fileRef = BBFF665C282D12E400C68F6A /* free_apisUITests.swift */; };
		BBFF665F282D12E400C68F6A /* free_apisUITestsLaunchTests.swift in Sources */ = {isa = PBXBuildFile; fileRef = BBFF665E282D12E400C68F6A /* free_apisUITestsLaunchTests.swift */; };
		BBFF666D282D135500C68F6A /* FreeApi.swift in Sources */ = {isa = PBXBuildFile; fileRef = BBFF666C282D135500C68F6A /* FreeApi.swift */; };
		BBFF6671282D147A00C68F6A /* FreeApisVM.swift in Sources */ = {isa = PBXBuildFile; fileRef = BBFF6670282D147A00C68F6A /* FreeApisVM.swift */; };
		BBFF6673282D153A00C68F6A /* Constants.swift in Sources */ = {isa = PBXBuildFile; fileRef = BBFF6672282D153A00C68F6A /* Constants.swift */; };
		BBFF6675282D1A6300C68F6A /* FreeApiCellView.swift in Sources */ = {isa = PBXBuildFile; fileRef = BBFF6674282D1A6300C68F6A /* FreeApiCellView.swift */; };
		BBFF6679282D223700C68F6A /* CategoriesWrapper.swift in Sources */ = {isa = PBXBuildFile; fileRef = BBFF6678282D223700C68F6A /* CategoriesWrapper.swift */; };
		BBFF667B282D28FB00C68F6A /* CategoriesView.swift in Sources */ = {isa = PBXBuildFile; fileRef = BBFF667A282D28FB00C68F6A /* CategoriesView.swift */; };
		BBFF667D282D290700C68F6A /* CategoriesVM.swift in Sources */ = {isa = PBXBuildFile; fileRef = BBFF667C282D290700C68F6A /* CategoriesVM.swift */; };
		BBFF6681282E7EC300C68F6A /* Realm in Frameworks */ = {isa = PBXBuildFile; productRef = BBFF6680282E7EC300C68F6A /* Realm */; };
		BBFF6683282E7EC300C68F6A /* RealmSwift in Frameworks */ = {isa = PBXBuildFile; productRef = BBFF6682282E7EC300C68F6A /* RealmSwift */; };
		BBFF6686282E80BA00C68F6A /* FavoriteApisView.swift in Sources */ = {isa = PBXBuildFile; fileRef = BBFF6685282E80BA00C68F6A /* FavoriteApisView.swift */; };
		BBFF6688282E80CB00C68F6A /* FavoriteApisVM.swift in Sources */ = {isa = PBXBuildFile; fileRef = BBFF6687282E80CB00C68F6A /* FavoriteApisVM.swift */; };
		BBFF668A282FAE5500C68F6A /* RealmService.swift in Sources */ = {isa = PBXBuildFile; fileRef = BBFF6689282FAE5500C68F6A /* RealmService.swift */; };
		BBFF668C28321A0400C68F6A /* OnboardingView.swift in Sources */ = {isa = PBXBuildFile; fileRef = BBFF668B28321A0400C68F6A /* OnboardingView.swift */; };
		BBFF668F28321A9500C68F6A /* OnboardingPageView.swift in Sources */ = {isa = PBXBuildFile; fileRef = BBFF668E28321A9500C68F6A /* OnboardingPageView.swift */; };
		BBFF66972832438200C68F6A /* PopupView in Frameworks */ = {isa = PBXBuildFile; productRef = BBFF66962832438200C68F6A /* PopupView */; };
		BBFF66992832562700C68F6A /* FavoriteCellView.swift in Sources */ = {isa = PBXBuildFile; fileRef = BBFF66982832562700C68F6A /* FavoriteCellView.swift */; };
		BBFF669B28338F6800C68F6A /* PopupAddToFavsView.swift in Sources */ = {isa = PBXBuildFile; fileRef = BBFF669A28338F6800C68F6A /* PopupAddToFavsView.swift */; };
		BBFF669D2833921F00C68F6A /* WebView.swift in Sources */ = {isa = PBXBuildFile; fileRef = BBFF669C2833921F00C68F6A /* WebView.swift */; };
		BBFF66A12834CA7100C68F6A /* FontEx.swift in Sources */ = {isa = PBXBuildFile; fileRef = BBFF66A02834CA7100C68F6A /* FontEx.swift */; };
		BBFF66A62834CE5600C68F6A /* Rubik-Bold.ttf in Resources */ = {isa = PBXBuildFile; fileRef = BBFF66A32834CE5600C68F6A /* Rubik-Bold.ttf */; };
		BBFF66A72834CE5600C68F6A /* Rubik-SemiBold.ttf in Resources */ = {isa = PBXBuildFile; fileRef = BBFF66A42834CE5600C68F6A /* Rubik-SemiBold.ttf */; };
		BBFF66A82834CE5600C68F6A /* Rubik-Regular.ttf in Resources */ = {isa = PBXBuildFile; fileRef = BBFF66A52834CE5600C68F6A /* Rubik-Regular.ttf */; };
		BBFF66AE2834DFD600C68F6A /* IQKeyboardManagerSwift in Frameworks */ = {isa = PBXBuildFile; productRef = BBFF66AD2834DFD600C68F6A /* IQKeyboardManagerSwift */; };
		BBFF66B22836233F00C68F6A /* StyleViewModifiers.swift in Sources */ = {isa = PBXBuildFile; fileRef = BBFF66B12836233F00C68F6A /* StyleViewModifiers.swift */; };
		BBFF66B4283626DE00C68F6A /* CapsuleText.swift in Sources */ = {isa = PBXBuildFile; fileRef = BBFF66B3283626DE00C68F6A /* CapsuleText.swift */; };
		BBFF66B9283633FC00C68F6A /* EmptyView.swift in Sources */ = {isa = PBXBuildFile; fileRef = BBFF66B8283633FC00C68F6A /* EmptyView.swift */; };
		BBFF66BC283638E600C68F6A /* SettingsView.swift in Sources */ = {isa = PBXBuildFile; fileRef = BBFF66BB283638E600C68F6A /* SettingsView.swift */; };
/* End PBXBuildFile section */

/* Begin PBXContainerItemProxy section */
		BBFF664F282D12E400C68F6A /* PBXContainerItemProxy */ = {
			isa = PBXContainerItemProxy;
			containerPortal = BBFF6636282D12E100C68F6A /* Project object */;
			proxyType = 1;
			remoteGlobalIDString = BBFF663D282D12E100C68F6A;
			remoteInfo = "free-apis";
		};
		BBFF6659282D12E400C68F6A /* PBXContainerItemProxy */ = {
			isa = PBXContainerItemProxy;
			containerPortal = BBFF6636282D12E100C68F6A /* Project object */;
			proxyType = 1;
			remoteGlobalIDString = BBFF663D282D12E100C68F6A;
			remoteInfo = "free-apis";
		};
/* End PBXContainerItemProxy section */

/* Begin PBXFileReference section */
		BB0F0FDB283CF3C400B3AB12 /* AppViewModel.swift */ = {isa = PBXFileReference; lastKnownFileType = sourcecode.swift; path = AppViewModel.swift; sourceTree = "<group>"; };
		BBA9C8B02837C6D700FC6973 /* TagFilterView.swift */ = {isa = PBXFileReference; lastKnownFileType = sourcecode.swift; path = TagFilterView.swift; sourceTree = "<group>"; };
		BBA9C8B52838921F00FC6973 /* en */ = {isa = PBXFileReference; lastKnownFileType = text.plist.strings; name = en; path = en.lproj/Localizable.strings; sourceTree = "<group>"; };
		BBA9C8B72838927000FC6973 /* ja */ = {isa = PBXFileReference; lastKnownFileType = text.plist.strings; name = ja; path = ja.lproj/Localizable.strings; sourceTree = "<group>"; };
		BBFF663E282D12E100C68F6A /* free-apis.app */ = {isa = PBXFileReference; explicitFileType = wrapper.application; includeInIndex = 0; path = "free-apis.app"; sourceTree = BUILT_PRODUCTS_DIR; };
		BBFF6641282D12E100C68F6A /* free_apisApp.swift */ = {isa = PBXFileReference; lastKnownFileType = sourcecode.swift; path = free_apisApp.swift; sourceTree = "<group>"; };
		BBFF6643282D12E100C68F6A /* FreeApisView.swift */ = {isa = PBXFileReference; lastKnownFileType = sourcecode.swift; path = FreeApisView.swift; sourceTree = "<group>"; };
		BBFF6645282D12E400C68F6A /* Assets.xcassets */ = {isa = PBXFileReference; lastKnownFileType = folder.assetcatalog; path = Assets.xcassets; sourceTree = "<group>"; };
		BBFF6648282D12E400C68F6A /* Preview Assets.xcassets */ = {isa = PBXFileReference; lastKnownFileType = folder.assetcatalog; path = "Preview Assets.xcassets"; sourceTree = "<group>"; };
		BBFF664E282D12E400C68F6A /* free-apisTests.xctest */ = {isa = PBXFileReference; explicitFileType = wrapper.cfbundle; includeInIndex = 0; path = "free-apisTests.xctest"; sourceTree = BUILT_PRODUCTS_DIR; };
		BBFF6652282D12E400C68F6A /* free_apisTests.swift */ = {isa = PBXFileReference; lastKnownFileType = sourcecode.swift; path = free_apisTests.swift; sourceTree = "<group>"; };
		BBFF6658282D12E400C68F6A /* free-apisUITests.xctest */ = {isa = PBXFileReference; explicitFileType = wrapper.cfbundle; includeInIndex = 0; path = "free-apisUITests.xctest"; sourceTree = BUILT_PRODUCTS_DIR; };
		BBFF665C282D12E400C68F6A /* free_apisUITests.swift */ = {isa = PBXFileReference; lastKnownFileType = sourcecode.swift; path = free_apisUITests.swift; sourceTree = "<group>"; };
		BBFF665E282D12E400C68F6A /* free_apisUITestsLaunchTests.swift */ = {isa = PBXFileReference; lastKnownFileType = sourcecode.swift; path = free_apisUITestsLaunchTests.swift; sourceTree = "<group>"; };
		BBFF666C282D135500C68F6A /* FreeApi.swift */ = {isa = PBXFileReference; lastKnownFileType = sourcecode.swift; path = FreeApi.swift; sourceTree = "<group>"; };
		BBFF6670282D147A00C68F6A /* FreeApisVM.swift */ = {isa = PBXFileReference; lastKnownFileType = sourcecode.swift; path = FreeApisVM.swift; sourceTree = "<group>"; };
		BBFF6672282D153A00C68F6A /* Constants.swift */ = {isa = PBXFileReference; lastKnownFileType = sourcecode.swift; path = Constants.swift; sourceTree = "<group>"; };
		BBFF6674282D1A6300C68F6A /* FreeApiCellView.swift */ = {isa = PBXFileReference; lastKnownFileType = sourcecode.swift; path = FreeApiCellView.swift; sourceTree = "<group>"; };
		BBFF6678282D223700C68F6A /* CategoriesWrapper.swift */ = {isa = PBXFileReference; lastKnownFileType = sourcecode.swift; path = CategoriesWrapper.swift; sourceTree = "<group>"; };
		BBFF667A282D28FB00C68F6A /* CategoriesView.swift */ = {isa = PBXFileReference; lastKnownFileType = sourcecode.swift; path = CategoriesView.swift; sourceTree = "<group>"; };
		BBFF667C282D290700C68F6A /* CategoriesVM.swift */ = {isa = PBXFileReference; lastKnownFileType = sourcecode.swift; path = CategoriesVM.swift; sourceTree = "<group>"; };
		BBFF6685282E80BA00C68F6A /* FavoriteApisView.swift */ = {isa = PBXFileReference; lastKnownFileType = sourcecode.swift; path = FavoriteApisView.swift; sourceTree = "<group>"; };
		BBFF6687282E80CB00C68F6A /* FavoriteApisVM.swift */ = {isa = PBXFileReference; lastKnownFileType = sourcecode.swift; path = FavoriteApisVM.swift; sourceTree = "<group>"; };
		BBFF6689282FAE5500C68F6A /* RealmService.swift */ = {isa = PBXFileReference; lastKnownFileType = sourcecode.swift; path = RealmService.swift; sourceTree = "<group>"; };
		BBFF668B28321A0400C68F6A /* OnboardingView.swift */ = {isa = PBXFileReference; lastKnownFileType = sourcecode.swift; path = OnboardingView.swift; sourceTree = "<group>"; };
		BBFF668E28321A9500C68F6A /* OnboardingPageView.swift */ = {isa = PBXFileReference; lastKnownFileType = sourcecode.swift; path = OnboardingPageView.swift; sourceTree = "<group>"; };
		BBFF669428323D8900C68F6A /* Info.plist */ = {isa = PBXFileReference; lastKnownFileType = text.plist; path = Info.plist; sourceTree = "<group>"; };
		BBFF66982832562700C68F6A /* FavoriteCellView.swift */ = {isa = PBXFileReference; lastKnownFileType = sourcecode.swift; path = FavoriteCellView.swift; sourceTree = "<group>"; };
		BBFF669A28338F6800C68F6A /* PopupAddToFavsView.swift */ = {isa = PBXFileReference; lastKnownFileType = sourcecode.swift; path = PopupAddToFavsView.swift; sourceTree = "<group>"; };
		BBFF669C2833921F00C68F6A /* WebView.swift */ = {isa = PBXFileReference; lastKnownFileType = sourcecode.swift; path = WebView.swift; sourceTree = "<group>"; };
		BBFF66A02834CA7100C68F6A /* FontEx.swift */ = {isa = PBXFileReference; lastKnownFileType = sourcecode.swift; path = FontEx.swift; sourceTree = "<group>"; };
		BBFF66A32834CE5600C68F6A /* Rubik-Bold.ttf */ = {isa = PBXFileReference; lastKnownFileType = file; path = "Rubik-Bold.ttf"; sourceTree = "<group>"; };
		BBFF66A42834CE5600C68F6A /* Rubik-SemiBold.ttf */ = {isa = PBXFileReference; lastKnownFileType = file; path = "Rubik-SemiBold.ttf"; sourceTree = "<group>"; };
		BBFF66A52834CE5600C68F6A /* Rubik-Regular.ttf */ = {isa = PBXFileReference; lastKnownFileType = file; path = "Rubik-Regular.ttf"; sourceTree = "<group>"; };
		BBFF66B12836233F00C68F6A /* StyleViewModifiers.swift */ = {isa = PBXFileReference; lastKnownFileType = sourcecode.swift; path = StyleViewModifiers.swift; sourceTree = "<group>"; };
		BBFF66B3283626DE00C68F6A /* CapsuleText.swift */ = {isa = PBXFileReference; lastKnownFileType = sourcecode.swift; path = CapsuleText.swift; sourceTree = "<group>"; };
		BBFF66B8283633FC00C68F6A /* EmptyView.swift */ = {isa = PBXFileReference; lastKnownFileType = sourcecode.swift; path = EmptyView.swift; sourceTree = "<group>"; };
		BBFF66BB283638E600C68F6A /* SettingsView.swift */ = {isa = PBXFileReference; lastKnownFileType = sourcecode.swift; path = SettingsView.swift; sourceTree = "<group>"; };
/* End PBXFileReference section */

/* Begin PBXFrameworksBuildPhase section */
		BBFF663B282D12E100C68F6A /* Frameworks */ = {
			isa = PBXFrameworksBuildPhase;
			buildActionMask = 2147483647;
			files = (
				BBFF66972832438200C68F6A /* PopupView in Frameworks */,
				BBFF66AE2834DFD600C68F6A /* IQKeyboardManagerSwift in Frameworks */,
				BBFF6683282E7EC300C68F6A /* RealmSwift in Frameworks */,
				BBFF6681282E7EC300C68F6A /* Realm in Frameworks */,
			);
			runOnlyForDeploymentPostprocessing = 0;
		};
		BBFF664B282D12E400C68F6A /* Frameworks */ = {
			isa = PBXFrameworksBuildPhase;
			buildActionMask = 2147483647;
			files = (
			);
			runOnlyForDeploymentPostprocessing = 0;
		};
		BBFF6655282D12E400C68F6A /* Frameworks */ = {
			isa = PBXFrameworksBuildPhase;
			buildActionMask = 2147483647;
			files = (
			);
			runOnlyForDeploymentPostprocessing = 0;
		};
/* End PBXFrameworksBuildPhase section */

/* Begin PBXGroup section */
		BBFF6635282D12E100C68F6A = {
			isa = PBXGroup;
			children = (
				BBFF6640282D12E100C68F6A /* free-apis */,
				BBFF6651282D12E400C68F6A /* free-apisTests */,
				BBFF665B282D12E400C68F6A /* free-apisUITests */,
				BBFF663F282D12E100C68F6A /* Products */,
			);
			sourceTree = "<group>";
		};
		BBFF663F282D12E100C68F6A /* Products */ = {
			isa = PBXGroup;
			children = (
				BBFF663E282D12E100C68F6A /* free-apis.app */,
				BBFF664E282D12E400C68F6A /* free-apisTests.xctest */,
				BBFF6658282D12E400C68F6A /* free-apisUITests.xctest */,
			);
			name = Products;
			sourceTree = "<group>";
		};
		BBFF6640282D12E100C68F6A /* free-apis */ = {
			isa = PBXGroup;
			children = (
				BBFF669428323D8900C68F6A /* Info.plist */,
				BBA9C8B62838921F00FC6973 /* Localizable.strings */,
				BBFF6641282D12E100C68F6A /* free_apisApp.swift */,
				BBFF6672282D153A00C68F6A /* Constants.swift */,
				BB0F0FDB283CF3C400B3AB12 /* AppViewModel.swift */,
				BBFF6689282FAE5500C68F6A /* RealmService.swift */,
				BBFF66A02834CA7100C68F6A /* FontEx.swift */,
				BBFF66B12836233F00C68F6A /* StyleViewModifiers.swift */,
				BBFF66B52836277400C68F6A /* CustomViews */,
				BBFF666E282D145900C68F6A /* Screens */,
				BBFF666B282D133E00C68F6A /* Models */,
				BBFF6645282D12E400C68F6A /* Assets.xcassets */,
				BBFF66A22834CE5600C68F6A /* Rubik */,
				BBFF6647282D12E400C68F6A /* Preview Content */,
			);
			path = "free-apis";
			sourceTree = "<group>";
		};
		BBFF6647282D12E400C68F6A /* Preview Content */ = {
			isa = PBXGroup;
			children = (
				BBFF6648282D12E400C68F6A /* Preview Assets.xcassets */,
			);
			path = "Preview Content";
			sourceTree = "<group>";
		};
		BBFF6651282D12E400C68F6A /* free-apisTests */ = {
			isa = PBXGroup;
			children = (
				BBFF6652282D12E400C68F6A /* free_apisTests.swift */,
			);
			path = "free-apisTests";
			sourceTree = "<group>";
		};
		BBFF665B282D12E400C68F6A /* free-apisUITests */ = {
			isa = PBXGroup;
			children = (
				BBFF665C282D12E400C68F6A /* free_apisUITests.swift */,
				BBFF665E282D12E400C68F6A /* free_apisUITestsLaunchTests.swift */,
			);
			path = "free-apisUITests";
			sourceTree = "<group>";
		};
		BBFF666B282D133E00C68F6A /* Models */ = {
			isa = PBXGroup;
			children = (
				BBFF666C282D135500C68F6A /* FreeApi.swift */,
				BBFF6678282D223700C68F6A /* CategoriesWrapper.swift */,
				BBFF669C2833921F00C68F6A /* WebView.swift */,
			);
			path = Models;
			sourceTree = "<group>";
		};
		BBFF666E282D145900C68F6A /* Screens */ = {
			isa = PBXGroup;
			children = (
				BBFF66BA283638CB00C68F6A /* Settings */,
				BBFF666F282D146500C68F6A /* FreeApisView */,
				BBFF667E282D291300C68F6A /* CategoriesView */,
				BBFF6684282E809200C68F6A /* FavoritesView */,
				BBFF668D28321A0B00C68F6A /* Onboarding */,
			);
			path = Screens;
			sourceTree = "<group>";
		};
		BBFF666F282D146500C68F6A /* FreeApisView */ = {
			isa = PBXGroup;
			children = (
				BBFF6643282D12E100C68F6A /* FreeApisView.swift */,
				BBFF6670282D147A00C68F6A /* FreeApisVM.swift */,
				BBFF6674282D1A6300C68F6A /* FreeApiCellView.swift */,
				BBFF669A28338F6800C68F6A /* PopupAddToFavsView.swift */,
				BBA9C8B02837C6D700FC6973 /* TagFilterView.swift */,
			);
			path = FreeApisView;
			sourceTree = "<group>";
		};
		BBFF667E282D291300C68F6A /* CategoriesView */ = {
			isa = PBXGroup;
			children = (
				BBFF667A282D28FB00C68F6A /* CategoriesView.swift */,
				BBFF667C282D290700C68F6A /* CategoriesVM.swift */,
			);
			path = CategoriesView;
			sourceTree = "<group>";
		};
		BBFF6684282E809200C68F6A /* FavoritesView */ = {
			isa = PBXGroup;
			children = (
				BBFF6685282E80BA00C68F6A /* FavoriteApisView.swift */,
				BBFF6687282E80CB00C68F6A /* FavoriteApisVM.swift */,
				BBFF66982832562700C68F6A /* FavoriteCellView.swift */,
			);
			path = FavoritesView;
			sourceTree = "<group>";
		};
		BBFF668D28321A0B00C68F6A /* Onboarding */ = {
			isa = PBXGroup;
			children = (
				BBFF668B28321A0400C68F6A /* OnboardingView.swift */,
				BBFF668E28321A9500C68F6A /* OnboardingPageView.swift */,
			);
			path = Onboarding;
			sourceTree = "<group>";
		};
		BBFF66A22834CE5600C68F6A /* Rubik */ = {
			isa = PBXGroup;
			children = (
				BBFF66A32834CE5600C68F6A /* Rubik-Bold.ttf */,
				BBFF66A42834CE5600C68F6A /* Rubik-SemiBold.ttf */,
				BBFF66A52834CE5600C68F6A /* Rubik-Regular.ttf */,
			);
			path = Rubik;
			sourceTree = "<group>";
		};
		BBFF66B52836277400C68F6A /* CustomViews */ = {
			isa = PBXGroup;
			children = (
				BBFF66B3283626DE00C68F6A /* CapsuleText.swift */,
				BBFF66B8283633FC00C68F6A /* EmptyView.swift */,
			);
			path = CustomViews;
			sourceTree = "<group>";
		};
		BBFF66BA283638CB00C68F6A /* Settings */ = {
			isa = PBXGroup;
			children = (
				BBFF66BB283638E600C68F6A /* SettingsView.swift */,
			);
			path = Settings;
			sourceTree = "<group>";
		};
/* End PBXGroup section */

/* Begin PBXNativeTarget section */
		BBFF663D282D12E100C68F6A /* free-apis */ = {
			isa = PBXNativeTarget;
			buildConfigurationList = BBFF6662282D12E400C68F6A /* Build configuration list for PBXNativeTarget "free-apis" */;
			buildPhases = (
				BBFF663A282D12E100C68F6A /* Sources */,
				BBFF663B282D12E100C68F6A /* Frameworks */,
				BBFF663C282D12E100C68F6A /* Resources */,
			);
			buildRules = (
			);
			dependencies = (
			);
			name = "free-apis";
			packageProductDependencies = (
				BBFF6680282E7EC300C68F6A /* Realm */,
				BBFF6682282E7EC300C68F6A /* RealmSwift */,
				BBFF66962832438200C68F6A /* PopupView */,
				BBFF66AD2834DFD600C68F6A /* IQKeyboardManagerSwift */,
			);
			productName = "free-apis";
			productReference = BBFF663E282D12E100C68F6A /* free-apis.app */;
			productType = "com.apple.product-type.application";
		};
		BBFF664D282D12E400C68F6A /* free-apisTests */ = {
			isa = PBXNativeTarget;
			buildConfigurationList = BBFF6665282D12E400C68F6A /* Build configuration list for PBXNativeTarget "free-apisTests" */;
			buildPhases = (
				BBFF664A282D12E400C68F6A /* Sources */,
				BBFF664B282D12E400C68F6A /* Frameworks */,
				BBFF664C282D12E400C68F6A /* Resources */,
			);
			buildRules = (
			);
			dependencies = (
				BBFF6650282D12E400C68F6A /* PBXTargetDependency */,
			);
			name = "free-apisTests";
			productName = "free-apisTests";
			productReference = BBFF664E282D12E400C68F6A /* free-apisTests.xctest */;
			productType = "com.apple.product-type.bundle.unit-test";
		};
		BBFF6657282D12E400C68F6A /* free-apisUITests */ = {
			isa = PBXNativeTarget;
			buildConfigurationList = BBFF6668282D12E400C68F6A /* Build configuration list for PBXNativeTarget "free-apisUITests" */;
			buildPhases = (
				BBFF6654282D12E400C68F6A /* Sources */,
				BBFF6655282D12E400C68F6A /* Frameworks */,
				BBFF6656282D12E400C68F6A /* Resources */,
			);
			buildRules = (
			);
			dependencies = (
				BBFF665A282D12E400C68F6A /* PBXTargetDependency */,
			);
			name = "free-apisUITests";
			productName = "free-apisUITests";
			productReference = BBFF6658282D12E400C68F6A /* free-apisUITests.xctest */;
			productType = "com.apple.product-type.bundle.ui-testing";
		};
/* End PBXNativeTarget section */

/* Begin PBXProject section */
		BBFF6636282D12E100C68F6A /* Project object */ = {
			isa = PBXProject;
			attributes = {
				BuildIndependentTargetsInParallel = 1;
				LastSwiftUpdateCheck = 1330;
				LastUpgradeCheck = 1330;
				TargetAttributes = {
					BBFF663D282D12E100C68F6A = {
						CreatedOnToolsVersion = 13.3.1;
					};
					BBFF664D282D12E400C68F6A = {
						CreatedOnToolsVersion = 13.3.1;
						TestTargetID = BBFF663D282D12E100C68F6A;
					};
					BBFF6657282D12E400C68F6A = {
						CreatedOnToolsVersion = 13.3.1;
						TestTargetID = BBFF663D282D12E100C68F6A;
					};
				};
			};
			buildConfigurationList = BBFF6639282D12E100C68F6A /* Build configuration list for PBXProject "free-apis" */;
			compatibilityVersion = "Xcode 13.0";
			developmentRegion = en;
			hasScannedForEncodings = 0;
			knownRegions = (
				en,
				Base,
				ja,
			);
			mainGroup = BBFF6635282D12E100C68F6A;
			packageReferences = (
				BBFF667F282E7EC300C68F6A /* XCRemoteSwiftPackageReference "realm-swift" */,
				BBFF66952832438200C68F6A /* XCRemoteSwiftPackageReference "PopupView" */,
				BBFF66AC2834DFD600C68F6A /* XCRemoteSwiftPackageReference "IQKeyboardManager" */,
			);
			productRefGroup = BBFF663F282D12E100C68F6A /* Products */;
			projectDirPath = "";
			projectRoot = "";
			targets = (
				BBFF663D282D12E100C68F6A /* free-apis */,
				BBFF664D282D12E400C68F6A /* free-apisTests */,
				BBFF6657282D12E400C68F6A /* free-apisUITests */,
			);
		};
/* End PBXProject section */

/* Begin PBXResourcesBuildPhase section */
		BBFF663C282D12E100C68F6A /* Resources */ = {
			isa = PBXResourcesBuildPhase;
			buildActionMask = 2147483647;
			files = (
				BBFF66A82834CE5600C68F6A /* Rubik-Regular.ttf in Resources */,
				BBA9C8B42838921F00FC6973 /* Localizable.strings in Resources */,
				BBFF66A62834CE5600C68F6A /* Rubik-Bold.ttf in Resources */,
				BBFF66A72834CE5600C68F6A /* Rubik-SemiBold.ttf in Resources */,
				BBFF6649282D12E400C68F6A /* Preview Assets.xcassets in Resources */,
				BBFF6646282D12E400C68F6A /* Assets.xcassets in Resources */,
			);
			runOnlyForDeploymentPostprocessing = 0;
		};
		BBFF664C282D12E400C68F6A /* Resources */ = {
			isa = PBXResourcesBuildPhase;
			buildActionMask = 2147483647;
			files = (
			);
			runOnlyForDeploymentPostprocessing = 0;
		};
		BBFF6656282D12E400C68F6A /* Resources */ = {
			isa = PBXResourcesBuildPhase;
			buildActionMask = 2147483647;
			files = (
			);
			runOnlyForDeploymentPostprocessing = 0;
		};
/* End PBXResourcesBuildPhase section */

/* Begin PBXSourcesBuildPhase section */
		BBFF663A282D12E100C68F6A /* Sources */ = {
			isa = PBXSourcesBuildPhase;
			buildActionMask = 2147483647;
			files = (
				BBFF667B282D28FB00C68F6A /* CategoriesView.swift in Sources */,
				BBFF6673282D153A00C68F6A /* Constants.swift in Sources */,
				BB0F0FDC283CF3C400B3AB12 /* AppViewModel.swift in Sources */,
				BBFF666D282D135500C68F6A /* FreeApi.swift in Sources */,
				BBA9C8B12837C6D700FC6973 /* TagFilterView.swift in Sources */,
				BBFF66992832562700C68F6A /* FavoriteCellView.swift in Sources */,
				BBFF6686282E80BA00C68F6A /* FavoriteApisView.swift in Sources */,
				BBFF6688282E80CB00C68F6A /* FavoriteApisVM.swift in Sources */,
				BBFF6671282D147A00C68F6A /* FreeApisVM.swift in Sources */,
				BBFF66B22836233F00C68F6A /* StyleViewModifiers.swift in Sources */,
				BBFF6675282D1A6300C68F6A /* FreeApiCellView.swift in Sources */,
				BBFF668A282FAE5500C68F6A /* RealmService.swift in Sources */,
				BBFF668F28321A9500C68F6A /* OnboardingPageView.swift in Sources */,
				BBFF668C28321A0400C68F6A /* OnboardingView.swift in Sources */,
				BBFF66A12834CA7100C68F6A /* FontEx.swift in Sources */,
				BBFF669D2833921F00C68F6A /* WebView.swift in Sources */,
				BBFF6679282D223700C68F6A /* CategoriesWrapper.swift in Sources */,
				BBFF6644282D12E100C68F6A /* FreeApisView.swift in Sources */,
				BBFF6642282D12E100C68F6A /* free_apisApp.swift in Sources */,
				BBFF669B28338F6800C68F6A /* PopupAddToFavsView.swift in Sources */,
				BBFF66B4283626DE00C68F6A /* CapsuleText.swift in Sources */,
				BBFF66B9283633FC00C68F6A /* EmptyView.swift in Sources */,
				BBFF667D282D290700C68F6A /* CategoriesVM.swift in Sources */,
				BBFF66BC283638E600C68F6A /* SettingsView.swift in Sources */,
			);
			runOnlyForDeploymentPostprocessing = 0;
		};
		BBFF664A282D12E400C68F6A /* Sources */ = {
			isa = PBXSourcesBuildPhase;
			buildActionMask = 2147483647;
			files = (
				BBFF6653282D12E400C68F6A /* free_apisTests.swift in Sources */,
			);
			runOnlyForDeploymentPostprocessing = 0;
		};
		BBFF6654282D12E400C68F6A /* Sources */ = {
			isa = PBXSourcesBuildPhase;
			buildActionMask = 2147483647;
			files = (
				BBFF665D282D12E400C68F6A /* free_apisUITests.swift in Sources */,
				BBFF665F282D12E400C68F6A /* free_apisUITestsLaunchTests.swift in Sources */,
			);
			runOnlyForDeploymentPostprocessing = 0;
		};
/* End PBXSourcesBuildPhase section */

/* Begin PBXTargetDependency section */
		BBFF6650282D12E400C68F6A /* PBXTargetDependency */ = {
			isa = PBXTargetDependency;
			target = BBFF663D282D12E100C68F6A /* free-apis */;
			targetProxy = BBFF664F282D12E400C68F6A /* PBXContainerItemProxy */;
		};
		BBFF665A282D12E400C68F6A /* PBXTargetDependency */ = {
			isa = PBXTargetDependency;
			target = BBFF663D282D12E100C68F6A /* free-apis */;
			targetProxy = BBFF6659282D12E400C68F6A /* PBXContainerItemProxy */;
		};
/* End PBXTargetDependency section */

/* Begin PBXVariantGroup section */
		BBA9C8B62838921F00FC6973 /* Localizable.strings */ = {
			isa = PBXVariantGroup;
			children = (
				BBA9C8B52838921F00FC6973 /* en */,
				BBA9C8B72838927000FC6973 /* ja */,
			);
			name = Localizable.strings;
			sourceTree = "<group>";
		};
/* End PBXVariantGroup section */

/* Begin XCBuildConfiguration section */
		BBFF6660282D12E400C68F6A /* Debug */ = {
			isa = XCBuildConfiguration;
			buildSettings = {
				ALWAYS_SEARCH_USER_PATHS = NO;
				CLANG_ANALYZER_LOCALIZABILITY_NONLOCALIZED = YES;
				CLANG_ANALYZER_NONNULL = YES;
				CLANG_ANALYZER_NUMBER_OBJECT_CONVERSION = YES_AGGRESSIVE;
				CLANG_CXX_LANGUAGE_STANDARD = "gnu++17";
				CLANG_ENABLE_MODULES = YES;
				CLANG_ENABLE_OBJC_ARC = YES;
				CLANG_ENABLE_OBJC_WEAK = YES;
				CLANG_WARN_BLOCK_CAPTURE_AUTORELEASING = YES;
				CLANG_WARN_BOOL_CONVERSION = YES;
				CLANG_WARN_COMMA = YES;
				CLANG_WARN_CONSTANT_CONVERSION = YES;
				CLANG_WARN_DEPRECATED_OBJC_IMPLEMENTATIONS = YES;
				CLANG_WARN_DIRECT_OBJC_ISA_USAGE = YES_ERROR;
				CLANG_WARN_DOCUMENTATION_COMMENTS = YES;
				CLANG_WARN_EMPTY_BODY = YES;
				CLANG_WARN_ENUM_CONVERSION = YES;
				CLANG_WARN_INFINITE_RECURSION = YES;
				CLANG_WARN_INT_CONVERSION = YES;
				CLANG_WARN_NON_LITERAL_NULL_CONVERSION = YES;
				CLANG_WARN_OBJC_IMPLICIT_RETAIN_SELF = YES;
				CLANG_WARN_OBJC_LITERAL_CONVERSION = YES;
				CLANG_WARN_OBJC_ROOT_CLASS = YES_ERROR;
				CLANG_WARN_QUOTED_INCLUDE_IN_FRAMEWORK_HEADER = YES;
				CLANG_WARN_RANGE_LOOP_ANALYSIS = YES;
				CLANG_WARN_STRICT_PROTOTYPES = YES;
				CLANG_WARN_SUSPICIOUS_MOVE = YES;
				CLANG_WARN_UNGUARDED_AVAILABILITY = YES_AGGRESSIVE;
				CLANG_WARN_UNREACHABLE_CODE = YES;
				CLANG_WARN__DUPLICATE_METHOD_MATCH = YES;
				COPY_PHASE_STRIP = NO;
				DEBUG_INFORMATION_FORMAT = dwarf;
				ENABLE_STRICT_OBJC_MSGSEND = YES;
				ENABLE_TESTABILITY = YES;
				GCC_C_LANGUAGE_STANDARD = gnu11;
				GCC_DYNAMIC_NO_PIC = NO;
				GCC_NO_COMMON_BLOCKS = YES;
				GCC_OPTIMIZATION_LEVEL = 0;
				GCC_PREPROCESSOR_DEFINITIONS = (
					"DEBUG=1",
					"$(inherited)",
				);
				GCC_WARN_64_TO_32_BIT_CONVERSION = YES;
				GCC_WARN_ABOUT_RETURN_TYPE = YES_ERROR;
				GCC_WARN_UNDECLARED_SELECTOR = YES;
				GCC_WARN_UNINITIALIZED_AUTOS = YES_AGGRESSIVE;
				GCC_WARN_UNUSED_FUNCTION = YES;
				GCC_WARN_UNUSED_VARIABLE = YES;
				IPHONEOS_DEPLOYMENT_TARGET = 15.4;
				MTL_ENABLE_DEBUG_INFO = INCLUDE_SOURCE;
				MTL_FAST_MATH = YES;
				ONLY_ACTIVE_ARCH = YES;
				SDKROOT = iphoneos;
				SWIFT_ACTIVE_COMPILATION_CONDITIONS = DEBUG;
				SWIFT_OPTIMIZATION_LEVEL = "-Onone";
			};
			name = Debug;
		};
		BBFF6661282D12E400C68F6A /* Release */ = {
			isa = XCBuildConfiguration;
			buildSettings = {
				ALWAYS_SEARCH_USER_PATHS = NO;
				CLANG_ANALYZER_LOCALIZABILITY_NONLOCALIZED = YES;
				CLANG_ANALYZER_NONNULL = YES;
				CLANG_ANALYZER_NUMBER_OBJECT_CONVERSION = YES_AGGRESSIVE;
				CLANG_CXX_LANGUAGE_STANDARD = "gnu++17";
				CLANG_ENABLE_MODULES = YES;
				CLANG_ENABLE_OBJC_ARC = YES;
				CLANG_ENABLE_OBJC_WEAK = YES;
				CLANG_WARN_BLOCK_CAPTURE_AUTORELEASING = YES;
				CLANG_WARN_BOOL_CONVERSION = YES;
				CLANG_WARN_COMMA = YES;
				CLANG_WARN_CONSTANT_CONVERSION = YES;
				CLANG_WARN_DEPRECATED_OBJC_IMPLEMENTATIONS = YES;
				CLANG_WARN_DIRECT_OBJC_ISA_USAGE = YES_ERROR;
				CLANG_WARN_DOCUMENTATION_COMMENTS = YES;
				CLANG_WARN_EMPTY_BODY = YES;
				CLANG_WARN_ENUM_CONVERSION = YES;
				CLANG_WARN_INFINITE_RECURSION = YES;
				CLANG_WARN_INT_CONVERSION = YES;
				CLANG_WARN_NON_LITERAL_NULL_CONVERSION = YES;
				CLANG_WARN_OBJC_IMPLICIT_RETAIN_SELF = YES;
				CLANG_WARN_OBJC_LITERAL_CONVERSION = YES;
				CLANG_WARN_OBJC_ROOT_CLASS = YES_ERROR;
				CLANG_WARN_QUOTED_INCLUDE_IN_FRAMEWORK_HEADER = YES;
				CLANG_WARN_RANGE_LOOP_ANALYSIS = YES;
				CLANG_WARN_STRICT_PROTOTYPES = YES;
				CLANG_WARN_SUSPICIOUS_MOVE = YES;
				CLANG_WARN_UNGUARDED_AVAILABILITY = YES_AGGRESSIVE;
				CLANG_WARN_UNREACHABLE_CODE = YES;
				CLANG_WARN__DUPLICATE_METHOD_MATCH = YES;
				COPY_PHASE_STRIP = NO;
				DEBUG_INFORMATION_FORMAT = "dwarf-with-dsym";
				ENABLE_NS_ASSERTIONS = NO;
				ENABLE_STRICT_OBJC_MSGSEND = YES;
				GCC_C_LANGUAGE_STANDARD = gnu11;
				GCC_NO_COMMON_BLOCKS = YES;
				GCC_WARN_64_TO_32_BIT_CONVERSION = YES;
				GCC_WARN_ABOUT_RETURN_TYPE = YES_ERROR;
				GCC_WARN_UNDECLARED_SELECTOR = YES;
				GCC_WARN_UNINITIALIZED_AUTOS = YES_AGGRESSIVE;
				GCC_WARN_UNUSED_FUNCTION = YES;
				GCC_WARN_UNUSED_VARIABLE = YES;
				IPHONEOS_DEPLOYMENT_TARGET = 15.4;
				MTL_ENABLE_DEBUG_INFO = NO;
				MTL_FAST_MATH = YES;
				SDKROOT = iphoneos;
				SWIFT_COMPILATION_MODE = wholemodule;
				SWIFT_OPTIMIZATION_LEVEL = "-O";
				VALIDATE_PRODUCT = YES;
			};
			name = Release;
		};
		BBFF6663282D12E400C68F6A /* Debug */ = {
			isa = XCBuildConfiguration;
			buildSettings = {
				ASSETCATALOG_COMPILER_APPICON_NAME = AppIcon;
				ASSETCATALOG_COMPILER_GLOBAL_ACCENT_COLOR_NAME = AccentColor;
				CODE_SIGN_STYLE = Automatic;
				CURRENT_PROJECT_VERSION = 1;
				DEVELOPMENT_ASSET_PATHS = "\"free-apis/Preview Content\"";
				DEVELOPMENT_TEAM = 8797UGY27X;
				ENABLE_PREVIEWS = YES;
				GENERATE_INFOPLIST_FILE = YES;
				INFOPLIST_FILE = "free-apis/Info.plist";
				INFOPLIST_KEY_CFBundleDisplayName = APIs;
				INFOPLIST_KEY_UIApplicationSceneManifest_Generation = YES;
				INFOPLIST_KEY_UIApplicationSupportsIndirectInputEvents = YES;
				INFOPLIST_KEY_UISupportedInterfaceOrientations = UIInterfaceOrientationPortrait;
				INFOPLIST_KEY_UISupportedInterfaceOrientations_iPad = "UIInterfaceOrientationPortrait UIInterfaceOrientationPortraitUpsideDown UIInterfaceOrientationLandscapeLeft UIInterfaceOrientationLandscapeRight";
				INFOPLIST_KEY_UISupportedInterfaceOrientations_iPhone = UIInterfaceOrientationPortrait;
				LD_RUNPATH_SEARCH_PATHS = (
					"$(inherited)",
					"@executable_path/Frameworks",
				);
				MARKETING_VERSION = 0.1.0;
				PRODUCT_BUNDLE_IDENTIFIER = "cz.petrsedlak.ios.free-apis";
				PRODUCT_NAME = "$(TARGET_NAME)";
				SWIFT_EMIT_LOC_STRINGS = YES;
				SWIFT_VERSION = 5.0;
				TARGETED_DEVICE_FAMILY = "1,2";
			};
			name = Debug;
		};
		BBFF6664282D12E400C68F6A /* Release */ = {
			isa = XCBuildConfiguration;
			buildSettings = {
				ASSETCATALOG_COMPILER_APPICON_NAME = AppIcon;
				ASSETCATALOG_COMPILER_GLOBAL_ACCENT_COLOR_NAME = AccentColor;
				CODE_SIGN_STYLE = Automatic;
				CURRENT_PROJECT_VERSION = 1;
				DEVELOPMENT_ASSET_PATHS = "\"free-apis/Preview Content\"";
				DEVELOPMENT_TEAM = 8797UGY27X;
				ENABLE_PREVIEWS = YES;
				GENERATE_INFOPLIST_FILE = YES;
				INFOPLIST_FILE = "free-apis/Info.plist";
				INFOPLIST_KEY_CFBundleDisplayName = APIs;
				INFOPLIST_KEY_UIApplicationSceneManifest_Generation = YES;
				INFOPLIST_KEY_UIApplicationSupportsIndirectInputEvents = YES;
				INFOPLIST_KEY_UISupportedInterfaceOrientations = UIInterfaceOrientationPortrait;
				INFOPLIST_KEY_UISupportedInterfaceOrientations_iPad = "UIInterfaceOrientationPortrait UIInterfaceOrientationPortraitUpsideDown UIInterfaceOrientationLandscapeLeft UIInterfaceOrientationLandscapeRight";
				INFOPLIST_KEY_UISupportedInterfaceOrientations_iPhone = UIInterfaceOrientationPortrait;
				LD_RUNPATH_SEARCH_PATHS = (
					"$(inherited)",
					"@executable_path/Frameworks",
				);
				MARKETING_VERSION = 0.1.0;
				PRODUCT_BUNDLE_IDENTIFIER = "cz.petrsedlak.ios.free-apis";
				PRODUCT_NAME = "$(TARGET_NAME)";
				SWIFT_EMIT_LOC_STRINGS = YES;
				SWIFT_VERSION = 5.0;
				TARGETED_DEVICE_FAMILY = "1,2";
			};
			name = Release;
		};
		BBFF6666282D12E400C68F6A /* Debug */ = {
			isa = XCBuildConfiguration;
			buildSettings = {
				ALWAYS_EMBED_SWIFT_STANDARD_LIBRARIES = YES;
				BUNDLE_LOADER = "$(TEST_HOST)";
				CODE_SIGN_STYLE = Automatic;
				CURRENT_PROJECT_VERSION = 1;
				DEVELOPMENT_TEAM = 8797UGY27X;
				GENERATE_INFOPLIST_FILE = YES;
				IPHONEOS_DEPLOYMENT_TARGET = 15.4;
				MARKETING_VERSION = 1.0;
				PRODUCT_BUNDLE_IDENTIFIER = "cz.petrsedlak.ios.free-apisTests";
				PRODUCT_NAME = "$(TARGET_NAME)";
				SWIFT_EMIT_LOC_STRINGS = NO;
				SWIFT_VERSION = 5.0;
				TARGETED_DEVICE_FAMILY = "1,2";
				TEST_HOST = "$(BUILT_PRODUCTS_DIR)/free-apis.app/free-apis";
			};
			name = Debug;
		};
		BBFF6667282D12E400C68F6A /* Release */ = {
			isa = XCBuildConfiguration;
			buildSettings = {
				ALWAYS_EMBED_SWIFT_STANDARD_LIBRARIES = YES;
				BUNDLE_LOADER = "$(TEST_HOST)";
				CODE_SIGN_STYLE = Automatic;
				CURRENT_PROJECT_VERSION = 1;
				DEVELOPMENT_TEAM = 8797UGY27X;
				GENERATE_INFOPLIST_FILE = YES;
				IPHONEOS_DEPLOYMENT_TARGET = 15.4;
				MARKETING_VERSION = 1.0;
				PRODUCT_BUNDLE_IDENTIFIER = "cz.petrsedlak.ios.free-apisTests";
				PRODUCT_NAME = "$(TARGET_NAME)";
				SWIFT_EMIT_LOC_STRINGS = NO;
				SWIFT_VERSION = 5.0;
				TARGETED_DEVICE_FAMILY = "1,2";
				TEST_HOST = "$(BUILT_PRODUCTS_DIR)/free-apis.app/free-apis";
			};
			name = Release;
		};
		BBFF6669282D12E400C68F6A /* Debug */ = {
			isa = XCBuildConfiguration;
			buildSettings = {
				ALWAYS_EMBED_SWIFT_STANDARD_LIBRARIES = YES;
				CODE_SIGN_STYLE = Automatic;
				CURRENT_PROJECT_VERSION = 1;
				DEVELOPMENT_TEAM = 8797UGY27X;
				GENERATE_INFOPLIST_FILE = YES;
				MARKETING_VERSION = 1.0;
				PRODUCT_BUNDLE_IDENTIFIER = "cz.petrsedlak.ios.free-apisUITests";
				PRODUCT_NAME = "$(TARGET_NAME)";
				SWIFT_EMIT_LOC_STRINGS = NO;
				SWIFT_VERSION = 5.0;
				TARGETED_DEVICE_FAMILY = "1,2";
				TEST_TARGET_NAME = "free-apis";
			};
			name = Debug;
		};
		BBFF666A282D12E400C68F6A /* Release */ = {
			isa = XCBuildConfiguration;
			buildSettings = {
				ALWAYS_EMBED_SWIFT_STANDARD_LIBRARIES = YES;
				CODE_SIGN_STYLE = Automatic;
				CURRENT_PROJECT_VERSION = 1;
				DEVELOPMENT_TEAM = 8797UGY27X;
				GENERATE_INFOPLIST_FILE = YES;
				MARKETING_VERSION = 1.0;
				PRODUCT_BUNDLE_IDENTIFIER = "cz.petrsedlak.ios.free-apisUITests";
				PRODUCT_NAME = "$(TARGET_NAME)";
				SWIFT_EMIT_LOC_STRINGS = NO;
				SWIFT_VERSION = 5.0;
				TARGETED_DEVICE_FAMILY = "1,2";
				TEST_TARGET_NAME = "free-apis";
			};
			name = Release;
		};
/* End XCBuildConfiguration section */

/* Begin XCConfigurationList section */
		BBFF6639282D12E100C68F6A /* Build configuration list for PBXProject "free-apis" */ = {
			isa = XCConfigurationList;
			buildConfigurations = (
				BBFF6660282D12E400C68F6A /* Debug */,
				BBFF6661282D12E400C68F6A /* Release */,
			);
			defaultConfigurationIsVisible = 0;
			defaultConfigurationName = Release;
		};
		BBFF6662282D12E400C68F6A /* Build configuration list for PBXNativeTarget "free-apis" */ = {
			isa = XCConfigurationList;
			buildConfigurations = (
				BBFF6663282D12E400C68F6A /* Debug */,
				BBFF6664282D12E400C68F6A /* Release */,
			);
			defaultConfigurationIsVisible = 0;
			defaultConfigurationName = Release;
		};
		BBFF6665282D12E400C68F6A /* Build configuration list for PBXNativeTarget "free-apisTests" */ = {
			isa = XCConfigurationList;
			buildConfigurations = (
				BBFF6666282D12E400C68F6A /* Debug */,
				BBFF6667282D12E400C68F6A /* Release */,
			);
			defaultConfigurationIsVisible = 0;
			defaultConfigurationName = Release;
		};
		BBFF6668282D12E400C68F6A /* Build configuration list for PBXNativeTarget "free-apisUITests" */ = {
			isa = XCConfigurationList;
			buildConfigurations = (
				BBFF6669282D12E400C68F6A /* Debug */,
				BBFF666A282D12E400C68F6A /* Release */,
			);
			defaultConfigurationIsVisible = 0;
			defaultConfigurationName = Release;
		};
/* End XCConfigurationList section */

/* Begin XCRemoteSwiftPackageReference section */
		BBFF667F282E7EC300C68F6A /* XCRemoteSwiftPackageReference "realm-swift" */ = {
			isa = XCRemoteSwiftPackageReference;
			repositoryURL = "https://github.com/realm/realm-swift.git";
			requirement = {
				kind = upToNextMajorVersion;
				minimumVersion = 10.26.0;
			};
		};
		BBFF66952832438200C68F6A /* XCRemoteSwiftPackageReference "PopupView" */ = {
			isa = XCRemoteSwiftPackageReference;
			repositoryURL = "https://github.com/exyte/PopupView.git";
			requirement = {
				kind = upToNextMajorVersion;
				minimumVersion = 1.0.0;
			};
		};
		BBFF66AC2834DFD600C68F6A /* XCRemoteSwiftPackageReference "IQKeyboardManager" */ = {
			isa = XCRemoteSwiftPackageReference;
			repositoryURL = "https://github.com/hackiftekhar/IQKeyboardManager.git";
			requirement = {
				branch = master;
				kind = branch;
			};
		};
/* End XCRemoteSwiftPackageReference section */

/* Begin XCSwiftPackageProductDependency section */
		BBFF6680282E7EC300C68F6A /* Realm */ = {
			isa = XCSwiftPackageProductDependency;
			package = BBFF667F282E7EC300C68F6A /* XCRemoteSwiftPackageReference "realm-swift" */;
			productName = Realm;
		};
		BBFF6682282E7EC300C68F6A /* RealmSwift */ = {
			isa = XCSwiftPackageProductDependency;
			package = BBFF667F282E7EC300C68F6A /* XCRemoteSwiftPackageReference "realm-swift" */;
			productName = RealmSwift;
		};
		BBFF66962832438200C68F6A /* PopupView */ = {
			isa = XCSwiftPackageProductDependency;
			package = BBFF66952832438200C68F6A /* XCRemoteSwiftPackageReference "PopupView" */;
			productName = PopupView;
		};
		BBFF66AD2834DFD600C68F6A /* IQKeyboardManagerSwift */ = {
			isa = XCSwiftPackageProductDependency;
			package = BBFF66AC2834DFD600C68F6A /* XCRemoteSwiftPackageReference "IQKeyboardManager" */;
			productName = IQKeyboardManagerSwift;
		};
/* End XCSwiftPackageProductDependency section */
	};
	rootObject = BBFF6636282D12E100C68F6A /* Project object */;
}
