{
  "pins" : [
    {
      "identity" : "iqkeyboardmanager",
      "kind" : "remoteSourceControl",
      "location" : "https://github.com/hackiftekhar/IQKeyboardManager.git",
      "state" : {
        "branch" : "master",
        "revision" : "9ab144a1a6c6ae8dad25840610c072709b15d8b5"
      }
    },
    {
      "identity" : "popupview",
      "kind" : "remoteSourceControl",
      "location" : "https://github.com/exyte/PopupView.git",
      "state" : {
        "revision" : "521b2ddc2ae8160f2816e03fa1f7be0937db8fff",
        "version" : "1.1.1"
      }
    },
    {
      "identity" : "realm-core",
      "kind" : "remoteSourceControl",
      "location" : "https://github.com/realm/realm-core",
      "state" : {
        "revision" : "472d325a2e844fcb48c400db74e6b9646f92ca93",
        "version" : "11.15.0"
      }
    },
    {
      "identity" : "realm-swift",
      "kind" : "remoteSourceControl",
      "location" : "https://github.com/realm/realm-swift.git",
      "state" : {
        "branch" : "master",
        "revision" : "3a7dee88f5731b11c746fe222141ad8d1597bb9e"
      }
    },
    {
      "identity" : "swiftui-introspect",
      "kind" : "remoteSourceControl",
      "location" : "https://github.com/siteline/SwiftUI-Introspect.git",
      "state" : {
        "revision" : "f2616860a41f9d9932da412a8978fec79c06fe24",
        "version" : "0.1.4"
      }
    }
  ],
  "version" : 2
}
